
Microsoft Visual Studio Solution File, Format Version 12.00
# Visual Studio 15
VisualStudioVersion = 15.0.27703.2018
MinimumVisualStudioVersion = 10.0.40219.1
Project("{FAE04EC0-301F-11D3-BF4B-00C04F79EFBC}") = "SamuraiApp.Domain", "SamuraiApp.Domain\SamuraiApp.Domain.csproj", "{3598B634-C714-4081-A03E-3D38F2FB95C1}"
EndProject
Project("{FAE04EC0-301F-11D3-BF4B-00C04F79EFBC}") = "SamuraiApp.Data", "SamuraiApp.Data\SamuraiApp.Data.csproj", "{59429D7B-6CC0-4444-B9BE-65998B6BE2BD}"
EndProject
Project("{FAE04EC0-301F-11D3-BF4B-00C04F79EFBC}") = "SomeUI", "SomeUI\SomeUI.csproj", "{88159709-D3F3-4F77-B1DC-C92AB39750F6}"
EndProject
Project("{FAE04EC0-301F-11D3-BF4B-00C04F79EFBC}") = "Tests", "Tests\Tests.csproj", "{D1E11578-AA3E-4284-824C-B63C39AB07F2}"
EndProject
Global
	GlobalSection(SolutionConfigurationPlatforms) = preSolution
		Debug|Any CPU = Debug|Any CPU
		Release|Any CPU = Release|Any CPU
	EndGlobalSection
	GlobalSection(ProjectConfigurationPlatforms) = postSolution
		{3598B634-C714-4081-A03E-3D38F2FB95C1}.Debug|Any CPU.ActiveCfg = Debug|Any CPU
		{3598B634-C714-4081-A03E-3D38F2FB95C1}.Debug|Any CPU.Build.0 = Debug|Any CPU
		{3598B634-C714-4081-A03E-3D38F2FB95C1}.Release|Any CPU.ActiveCfg = Release|Any CPU
		{3598B634-C714-4081-A03E-3D38F2FB95C1}.Release|Any CPU.Build.0 = Release|Any CPU
		{59429D7B-6CC0-4444-B9BE-65998B6BE2BD}.Debug|Any CPU.ActiveCfg = Debug|Any CPU
		{59429D7B-6CC0-4444-B9BE-65998B6BE2BD}.Debug|Any CPU.Build.0 = Debug|Any CPU
		{59429D7B-6CC0-4444-B9BE-65998B6BE2BD}.Release|Any CPU.ActiveCfg = Release|Any CPU
		{59429D7B-6CC0-4444-B9BE-65998B6BE2BD}.Release|Any CPU.Build.0 = Release|Any CPU
		{88159709-D3F3-4F77-B1DC-C92AB39750F6}.Debug|Any CPU.ActiveCfg = Debug|Any CPU
		{88159709-D3F3-4F77-B1DC-C92AB39750F6}.Debug|Any CPU.Build.0 = Debug|Any CPU
		{88159709-D3F3-4F77-B1DC-C92AB39750F6}.Release|Any CPU.ActiveCfg = Release|Any CPU
		{88159709-D3F3-4F77-B1DC-C92AB39750F6}.Release|Any CPU.Build.0 = Release|Any CPU
		{D1E11578-AA3E-4284-824C-B63C39AB07F2}.Debug|Any CPU.ActiveCfg = Debug|Any CPU
		{D1E11578-AA3E-4284-824C-B63C39AB07F2}.Debug|Any CPU.Build.0 = Debug|Any CPU
		{D1E11578-AA3E-4284-824C-B63C39AB07F2}.Release|Any CPU.ActiveCfg = Release|Any CPU
		{D1E11578-AA3E-4284-824C-B63C39AB07F2}.Release|Any CPU.Build.0 = Release|Any CPU
	EndGlobalSection
	GlobalSection(SolutionProperties) = preSolution
		HideSolutionNode = FALSE
	EndGlobalSection
	GlobalSection(ExtensibilityGlobals) = postSolution
		SolutionGuid = {D3BC467C-E98F-4697-AA81-D3847CBF9B5E}
	EndGlobalSection
EndGlobal
